
Microsoft Visual Studio Solution File, Format Version 12.00
# Visual Studio Version 16
VisualStudioVersion = 16.0.31829.152
MinimumVisualStudioVersion = 10.0.40219.1
Project("{FAE04EC0-301F-11D3-BF4B-00C04F79EFBC}") = "Task6.1_LongestWord", "Task6.1\Task6.1_LongestWord.csproj", "{30D32F31-2874-4B64-BCEC-322BBAB2FEA6}"
EndProject
Project("{FAE04EC0-301F-11D3-BF4B-00C04F79EFBC}") = "Task6.2_PalindromeFind", "Task6.2_PalindromeFind\Task6.2_PalindromeFind.csproj", "{6E8C1765-E862-4C8D-BA40-C82755D16772}"
EndProject
Project("{FAE04EC0-301F-11D3-BF4B-00C04F79EFBC}") = "Task6.3_CleanString", "Task6_3\Task6.3_CleanString.csproj", "{F60F3F56-CAD6-4E2A-B091-49ED0B72780C}"
EndProject
Global
	GlobalSection(SolutionConfigurationPlatforms) = preSolution
		Debug|Any CPU = Debug|Any CPU
		Release|Any CPU = Release|Any CPU
	EndGlobalSection
	GlobalSection(ProjectConfigurationPlatforms) = postSolution
		{30D32F31-2874-4B64-BCEC-322BBAB2FEA6}.Debug|Any CPU.ActiveCfg = Debug|Any CPU
		{30D32F31-2874-4B64-BCEC-322BBAB2FEA6}.Debug|Any CPU.Build.0 = Debug|Any CPU
		{30D32F31-2874-4B64-BCEC-322BBAB2FEA6}.Release|Any CPU.ActiveCfg = Release|Any CPU
		{30D32F31-2874-4B64-BCEC-322BBAB2FEA6}.Release|Any CPU.Build.0 = Release|Any CPU
		{6E8C1765-E862-4C8D-BA40-C82755D16772}.Debug|Any CPU.ActiveCfg = Debug|Any CPU
		{6E8C1765-E862-4C8D-BA40-C82755D16772}.Debug|Any CPU.Build.0 = Debug|Any CPU
		{6E8C1765-E862-4C8D-BA40-C82755D16772}.Release|Any CPU.ActiveCfg = Release|Any CPU
		{6E8C1765-E862-4C8D-BA40-C82755D16772}.Release|Any CPU.Build.0 = Release|Any CPU
		{F60F3F56-CAD6-4E2A-B091-49ED0B72780C}.Debug|Any CPU.ActiveCfg = Debug|Any CPU
		{F60F3F56-CAD6-4E2A-B091-49ED0B72780C}.Debug|Any CPU.Build.0 = Debug|Any CPU
		{F60F3F56-CAD6-4E2A-B091-49ED0B72780C}.Release|Any CPU.ActiveCfg = Release|Any CPU
		{F60F3F56-CAD6-4E2A-B091-49ED0B72780C}.Release|Any CPU.Build.0 = Release|Any CPU
	EndGlobalSection
	GlobalSection(SolutionProperties) = preSolution
		HideSolutionNode = FALSE
	EndGlobalSection
	GlobalSection(ExtensibilityGlobals) = postSolution
		SolutionGuid = {CD9BC890-6322-4ED7-B04E-5E87C17CC975}
	EndGlobalSection
EndGlobal
